
Microsoft Visual Studio Solution File, Format Version 12.00
# Visual Studio Version 17
VisualStudioVersion = 17.11.35327.3
MinimumVisualStudioVersion = 10.0.40219.1
Project("{FAE04EC0-301F-11D3-BF4B-00C04F79EFBC}") = "SOLIDPrinciplesDemo", "SOLIDPrinciplesDemo\SOLIDPrinciplesDemo.csproj", "{8034BD15-5949-4F2B-AB79-DEFC1E0CABAA}"
EndProject
Global
	GlobalSection(SolutionConfigurationPlatforms) = preSolution
		Debug|Any CPU = Debug|Any CPU
		Release|Any CPU = Release|Any CPU
	EndGlobalSection
	GlobalSection(ProjectConfigurationPlatforms) = postSolution
		{8034BD15-5949-4F2B-AB79-DEFC1E0CABAA}.Debug|Any CPU.ActiveCfg = Debug|Any CPU
		{8034BD15-5949-4F2B-AB79-DEFC1E0CABAA}.Debug|Any CPU.Build.0 = Debug|Any CPU
		{8034BD15-5949-4F2B-AB79-DEFC1E0CABAA}.Release|Any CPU.ActiveCfg = Release|Any CPU
		{8034BD15-5949-4F2B-AB79-DEFC1E0CABAA}.Release|Any CPU.Build.0 = Release|Any CPU
	EndGlobalSection
	GlobalSection(SolutionProperties) = preSolution
		HideSolutionNode = FALSE
	EndGlobalSection
	GlobalSection(ExtensibilityGlobals) = postSolution
		SolutionGuid = {DD2C0BE7-05C3-415A-B8E2-D4119623B155}
	EndGlobalSection
EndGlobal
